
Microsoft Visual Studio Solution File, Format Version 12.00
# Visual Studio 15
VisualStudioVersion = 15.0.28307.106
MinimumVisualStudioVersion = 10.0.40219.1
Project("{FAE04EC0-301F-11D3-BF4B-00C04F79EFBC}") = "RegexDemo", "WindowsFormsWeather\RegexDemo.csproj", "{041A3698-657C-4AFD-A830-FB98C8547423}"
EndProject
Global
	GlobalSection(SolutionConfigurationPlatforms) = preSolution
		Debug|Any CPU = Debug|Any CPU
		Release|Any CPU = Release|Any CPU
	EndGlobalSection
	GlobalSection(ProjectConfigurationPlatforms) = postSolution
		{041A3698-657C-4AFD-A830-FB98C8547423}.Debug|Any CPU.ActiveCfg = Debug|Any CPU
		{041A3698-657C-4AFD-A830-FB98C8547423}.Debug|Any CPU.Build.0 = Debug|Any CPU
		{041A3698-657C-4AFD-A830-FB98C8547423}.Release|Any CPU.ActiveCfg = Release|Any CPU
		{041A3698-657C-4AFD-A830-FB98C8547423}.Release|Any CPU.Build.0 = Release|Any CPU
	EndGlobalSection
	GlobalSection(SolutionProperties) = preSolution
		HideSolutionNode = FALSE
	EndGlobalSection
	GlobalSection(ExtensibilityGlobals) = postSolution
		SolutionGuid = {61325E48-106E-44D0-B1EE-A6B7E11F7694}
	EndGlobalSection
EndGlobal
