
Microsoft Visual Studio Solution File, Format Version 12.00
# Visual Studio 15
VisualStudioVersion = 15.0.28307.106
MinimumVisualStudioVersion = 10.0.40219.1
Project("{FAE04EC0-301F-11D3-BF4B-00C04F79EFBC}") = "SimpleClassConlsole", "SimpleClassConlsole.csproj", "{DB0810C5-C862-4D6E-AAB0-99211B70C29F}"
EndProject
Project("{FAE04EC0-301F-11D3-BF4B-00C04F79EFBC}") = "SimpleClassLibrary", "..\SimpleClassLibrary\SimpleClassLibrary.csproj", "{F2D92F06-843E-40FB-BCA2-06B581F0018A}"
EndProject
Global
	GlobalSection(SolutionConfigurationPlatforms) = preSolution
		Debug|Any CPU = Debug|Any CPU
		Release|Any CPU = Release|Any CPU
	EndGlobalSection
	GlobalSection(ProjectConfigurationPlatforms) = postSolution
		{DB0810C5-C862-4D6E-AAB0-99211B70C29F}.Debug|Any CPU.ActiveCfg = Debug|Any CPU
		{DB0810C5-C862-4D6E-AAB0-99211B70C29F}.Debug|Any CPU.Build.0 = Debug|Any CPU
		{DB0810C5-C862-4D6E-AAB0-99211B70C29F}.Release|Any CPU.ActiveCfg = Release|Any CPU
		{DB0810C5-C862-4D6E-AAB0-99211B70C29F}.Release|Any CPU.Build.0 = Release|Any CPU
		{F2D92F06-843E-40FB-BCA2-06B581F0018A}.Debug|Any CPU.ActiveCfg = Debug|Any CPU
		{F2D92F06-843E-40FB-BCA2-06B581F0018A}.Debug|Any CPU.Build.0 = Debug|Any CPU
		{F2D92F06-843E-40FB-BCA2-06B581F0018A}.Release|Any CPU.ActiveCfg = Release|Any CPU
		{F2D92F06-843E-40FB-BCA2-06B581F0018A}.Release|Any CPU.Build.0 = Release|Any CPU
	EndGlobalSection
	GlobalSection(SolutionProperties) = preSolution
		HideSolutionNode = FALSE
	EndGlobalSection
	GlobalSection(ExtensibilityGlobals) = postSolution
		SolutionGuid = {2E8C02A1-2201-4947-81D9-7E89FEA74692}
	EndGlobalSection
EndGlobal
